{
  "version": 4,
  "terraform_version": "1.3.5",
  "serial": 11,
  "lineage": "d8af179c-c3bf-2ffa-eeaa-f202f5833e69",
  "outputs": {},
  "resources": [
    {
      "mode": "managed",
      "type": "google_composer_environment",
      "name": "example",
      "provider": "provider[\"registry.terraform.io/hashicorp/google\"]",
      "instances": [
        {
          "schema_version": 0,
          "attributes": {
            "config": [
              {
                "airflow_uri": "https://m395b80eeba0c7dd7p-tp.appspot.com",
                "dag_gcs_prefix": "gs://us-east1-packt-composer-dev-5858bd27-bucket/dags",
                "database_config": [
                  {
                    "machine_type": "db-n1-standard-2"
                  }
                ],
                "encryption_config": [
                  {
                    "kms_key_name": ""
                  }
                ],
                "environment_size": "",
                "gke_cluster": "projects/rocio-packt-gcp-data-eng/zones/us-east1-c/clusters/us-east1-packt-composer-dev-5858bd27-gke",
                "maintenance_window": [
                  {
                    "end_time": "1970-01-01T04:00:00Z",
                    "recurrence": "FREQ=WEEKLY;BYDAY=FR,SA,SU",
                    "start_time": "1970-01-01T00:00:00Z"
                  }
                ],
                "master_authorized_networks_config": [],
                "node_config": [
                  {
                    "disk_size_gb": 100,
                    "enable_ip_masq_agent": false,
                    "ip_allocation_policy": [
                      {
                        "cluster_ipv4_cidr_block": "",
                        "cluster_secondary_range_name": "",
                        "services_ipv4_cidr_block": "",
                        "services_secondary_range_name": "",
                        "use_ip_aliases": false
                      }
                    ],
                    "machine_type": "projects/rocio-packt-gcp-data-eng/zones/us-east1-c/machineTypes/n1-standard-1",
                    "network": "projects/rocio-packt-gcp-data-eng/global/networks/default",
                    "oauth_scopes": [
                      "https://www.googleapis.com/auth/cloud-platform"
                    ],
                    "service_account": "490623479763-compute@developer.gserviceaccount.com",
                    "subnetwork": "",
                    "tags": [],
                    "zone": "projects/rocio-packt-gcp-data-eng/zones/us-east1-c"
                  }
                ],
                "node_count": 3,
                "private_environment_config": [
                  {
                    "cloud_composer_connection_subnetwork": "",
                    "cloud_composer_network_ipv4_cidr_block": "",
                    "cloud_sql_ipv4_cidr_block": "10.0.0.0/12",
                    "enable_private_endpoint": false,
                    "enable_privately_used_public_ips": false,
                    "master_ipv4_cidr_block": "",
                    "web_server_ipv4_cidr_block": "172.31.244.0/24"
                  }
                ],
                "software_config": [
                  {
                    "airflow_config_overrides": null,
                    "env_variables": null,
                    "image_version": "composer-1.19.15-airflow-1.10.15",
                    "pypi_packages": null,
                    "python_version": "3",
                    "scheduler_count": 1
                  }
                ],
                "web_server_config": [
                  {
                    "machine_type": "composer-n1-webserver-2"
                  }
                ],
                "web_server_network_access_control": [
                  {
                    "allowed_ip_range": [
                      {
                        "description": "Allows access from all IPv4 addresses (default value)",
                        "value": "0.0.0.0/0"
                      },
                      {
                        "description": "Allows access from all IPv6 addresses (default value)",
                        "value": "::0/0"
                      }
                    ]
                  }
                ],
                "workloads_config": [
                  {
                    "scheduler": [
                      {
                        "count": null,
                        "cpu": null,
                        "memory_gb": null,
                        "storage_gb": null
                      }
                    ],
                    "web_server": [
                      {
                        "cpu": null,
                        "memory_gb": null,
                        "storage_gb": null
                      }
                    ],
                    "worker": [
                      {
                        "cpu": null,
                        "max_count": null,
                        "memory_gb": null,
                        "min_count": null,
                        "storage_gb": null
                      }
                    ]
                  }
                ]
              }
            ],
            "id": "projects/rocio-packt-gcp-data-eng/locations/us-east1/environments/packt-composer-dev",
            "labels": null,
            "name": "packt-composer-dev",
            "project": "rocio-packt-gcp-data-eng",
            "region": "us-east1",
            "timeouts": null
          },
          "sensitive_attributes": [],
          "private": "eyJlMmJmYjczMC1lY2FhLTExZTYtOGY4OC0zNDM2M2JjN2M0YzAiOnsiY3JlYXRlIjo3MjAwMDAwMDAwMDAwLCJkZWxldGUiOjE4MDAwMDAwMDAwMDAsInVwZGF0ZSI6NzIwMDAwMDAwMDAwMH19"
        }
      ]
    }
  ],
  "check_results": null
}
